<?xml version="1.0" encoding="utf-8"?>
<Project ToolsVersion="4.0" xmlns="http://schemas.microsoft.com/developer/msbuild/2003">
  <ItemGroup>
    <Filter Include="Source Files">
      <UniqueIdentifier>{4FC737F1-C7A5-4376-A066-2A32D752A2FF}</UniqueIdentifier>
      <Extensions>cpp;c;cc;cxx;def;odl;idl;hpj;bat;asm;asmx</Extensions>
    </Filter>
    <Filter Include="Header Files">
      <UniqueIdentifier>{93995380-89BD-4b04-88EB-625FBE52EBFB}</UniqueIdentifier>
      <Extensions>h;hpp;hxx;hm;inl;inc;xsd</Extensions>
    </Filter>
    <Filter Include="Resource Files">
      <UniqueIdentifier>{67DA6AB6-F800-4c08-8B7A-83BB121AAD01}</UniqueIdentifier>
      <Extensions>rc;ico;cur;bmp;dlg;rc2;rct;bin;rgs;gif;jpg;jpeg;jpe;resx;tiff;tif;png;wav</Extensions>
    </Filter>
    <Filter Include="Resource Files\Temperature Icons">
      <UniqueIdentifier>{dca5264c-4f31-4543-a986-b4248350cdcb}</UniqueIdentifier>
    </Filter>
    <Filter Include="Library Files">
      <UniqueIdentifier>{ccf9d115-ef58-4a15-a3f1-d031a8749b44}</UniqueIdentifier>
    </Filter>
  </ItemGroup>
  <ItemGroup>
    <ClCompile Include="AboutDlg.cpp">
      <Filter>Source Files</Filter>
    </ClCompile>
    <ClCompile Include="DiskInfo.cpp">
      <Filter>Source Files</Filter>
    </ClCompile>
    <ClCompile Include="DiskInfoDlg.cpp">
      <Filter>Source Files</Filter>
    </ClCompile>
    <ClCompile Include="DiskInfoDlgCopy.cpp">
      <Filter>Source Files</Filter>
    </ClCompile>
    <ClCompile Include="DiskInfoDlgInit.cpp">
      <Filter>Source Files</Filter>
    </ClCompile>
    <ClCompile Include="DiskInfoDlgMenu.cpp">
      <Filter>Source Files</Filter>
    </ClCompile>
    <ClCompile Include="DiskInfoDlgTray.cpp">
      <Filter>Source Files</Filter>
    </ClCompile>
    <ClCompile Include="DiskInfoDlgUpdate.cpp">
      <Filter>Source Files</Filter>
    </ClCompile>
    <ClCompile Include="GraphDlg.cpp">
      <Filter>Source Files</Filter>
    </ClCompile>
    <ClCompile Include="OptionDlg.cpp">
      <Filter>Source Files</Filter>
    </ClCompile>
    <ClCompile Include="SettingDlg.cpp">
      <Filter>Source Files</Filter>
    </ClCompile>
    <ClCompile Include="stdafx.cpp">
      <Filter>Source Files</Filter>
    </ClCompile>
    <ClCompile Include="AtaSmart.cpp">
      <Filter>Library Files</Filter>
    </ClCompile>
    <ClCompile Include="DebugPrint.cpp">
      <Filter>Library Files</Filter>
    </ClCompile>
    <ClCompile Include="DHtmlDialogEx.cpp">
      <Filter>Library Files</Filter>
    </ClCompile>
    <ClCompile Include="DHtmlMainDialog.cpp">
      <Filter>Library Files</Filter>
    </ClCompile>
    <ClCompile Include="EventLog.cpp">
      <Filter>Library Files</Filter>
    </ClCompile>
    <ClCompile Include="GetFileVersion.cpp">
      <Filter>Library Files</Filter>
    </ClCompile>
    <ClCompile Include="GetOsInfo.cpp">
      <Filter>Library Files</Filter>
    </ClCompile>
    <ClCompile Include="IsCurrentUserLocalAdministrator.cpp">
      <Filter>Library Files</Filter>
    </ClCompile>
    <ClCompile Include="ListCtrlEx.cpp">
      <Filter>Library Files</Filter>
    </ClCompile>
    <ClCompile Include="FontComboBox.cpp">
      <Filter>Library Files</Filter>
    </ClCompile>
    <ClCompile Include="FontSelection.cpp">
      <Filter>Source Files</Filter>
    </ClCompile>
    <ClCompile Include="SoundSettingDlg.cpp">
      <Filter>Source Files</Filter>
    </ClCompile>
    <ClCompile Include="MainDialog.cpp">
      <Filter>Library Files</Filter>
    </ClCompile>
    <ClCompile Include="DialogCx.cpp">
      <Filter>Library Files</Filter>
    </ClCompile>
    <ClCompile Include="ButtonCx.cpp">
      <Filter>Library Files</Filter>
    </ClCompile>
    <ClCompile Include="StaticCx.cpp">
      <Filter>Library Files</Filter>
    </ClCompile>
    <ClCompile Include="HealthDlg.cpp">
      <Filter>Source Files</Filter>
    </ClCompile>
    <ClCompile Include="ComboBoxCx.cpp">
      <Filter>Library Files</Filter>
    </ClCompile>
    <ClCompile Include="NVMeInterpreter.cpp">
      <Filter>Source Files</Filter>
    </ClCompile>
    <ClCompile Include="SlotSpeedGetter.cpp">
      <Filter>Source Files</Filter>
    </ClCompile>
    <ClCompile Include="TemperatureDlg.cpp">
      <Filter>Source Files</Filter>
    </ClCompile>
    <ClCompile Include="bubbleHtml.cpp">
      <Filter>Source Files</Filter>
    </ClCompile>
  </ItemGroup>
  <ItemGroup>
    <ClInclude Include="AboutDlg.h">
      <Filter>Header Files</Filter>
    </ClInclude>
    <ClInclude Include="DiskInfo.h">
      <Filter>Header Files</Filter>
    </ClInclude>
    <ClInclude Include="DiskInfoDlg.h">
      <Filter>Header Files</Filter>
    </ClInclude>
    <ClInclude Include="GraphDlg.h">
      <Filter>Header Files</Filter>
    </ClInclude>
    <ClInclude Include="OptionDlg.h">
      <Filter>Header Files</Filter>
    </ClInclude>
    <ClInclude Include="Resource.h">
      <Filter>Header Files</Filter>
    </ClInclude>
    <ClInclude Include="SettingDlg.h">
      <Filter>Header Files</Filter>
    </ClInclude>
    <ClInclude Include="AtaSmart.h">
      <Filter>Library Files</Filter>
    </ClInclude>
    <ClInclude Include="DebugPrint.h">
      <Filter>Library Files</Filter>
    </ClInclude>
    <ClInclude Include="DHtmlDialogEx.h">
      <Filter>Library Files</Filter>
    </ClInclude>
    <ClInclude Include="DHtmlMainDialog.h">
      <Filter>Library Files</Filter>
    </ClInclude>
    <ClInclude Include="DnpService.h">
      <Filter>Library Files</Filter>
    </ClInclude>
    <ClInclude Include="EventLog.h">
      <Filter>Library Files</Filter>
    </ClInclude>
    <ClInclude Include="GetFileVersion.h">
      <Filter>Library Files</Filter>
    </ClInclude>
    <ClInclude Include="GetOsInfo.h">
      <Filter>Library Files</Filter>
    </ClInclude>
    <ClInclude Include="IsCurrentUserLocalAdministrator.h">
      <Filter>Library Files</Filter>
    </ClInclude>
    <ClInclude Include="ListCtrlEx.h">
      <Filter>Library Files</Filter>
    </ClInclude>
    <ClInclude Include="SPTIUtil.h">
      <Filter>Library Files</Filter>
    </ClInclude>
    <ClInclude Include="FontComboBox.h">
      <Filter>Library Files</Filter>
    </ClInclude>
    <ClInclude Include="FontSelection.h">
      <Filter>Header Files</Filter>
    </ClInclude>
    <ClInclude Include="resourceS.h">
      <Filter>Header Files</Filter>
    </ClInclude>
    <ClInclude Include="SoundSettingDlg.h">
      <Filter>Header Files</Filter>
    </ClInclude>
    <ClInclude Include="stdafx.h">
      <Filter>Header Files</Filter>
    </ClInclude>
    <ClInclude Include="MainDialog.h">
      <Filter>Library Files</Filter>
    </ClInclude>
    <ClInclude Include="DialogCx.h">
      <Filter>Library Files</Filter>
    </ClInclude>
    <ClInclude Include="ButtonCx.h">
      <Filter>Library Files</Filter>
    </ClInclude>
    <ClInclude Include="StaticCX.h">
      <Filter>Library Files</Filter>
    </ClInclude>
    <ClInclude Include="HealthDlg.h">
      <Filter>Header Files</Filter>
    </ClInclude>
    <ClInclude Include="ComboBoxCx.h">
      <Filter>Library Files</Filter>
    </ClInclude>
    <ClInclude Include="NVMeInterpreter.h">
      <Filter>Header Files</Filter>
    </ClInclude>
    <ClInclude Include="resource.h">
      <Filter>Header Files</Filter>
    </ClInclude>
    <ClInclude Include="SlotSpeedGetter.h">
      <Filter>Header Files</Filter>
    </ClInclude>
    <ClInclude Include="StorageQuery.h">
      <Filter>Library Files</Filter>
    </ClInclude>
    <ClInclude Include="TemperatureDlg.h">
      <Filter>Header Files</Filter>
    </ClInclude>
    <ClInclude Include="bubbleHtml.h">
      <Filter>Header Files</Filter>
    </ClInclude>
  </ItemGroup>
  <ItemGroup>
    <None Include="res\bad.ico">
      <Filter>Resource Files</Filter>
    </None>
    <None Include="res\caution.ico">
      <Filter>Resource Files</Filter>
    </None>
    <None Include="res\DiskInfo.rc2">
      <Filter>Resource Files</Filter>
    </None>
    <None Include="res\dummy.html">
      <Filter>Resource Files</Filter>
    </None>
    <None Include="res\good.ico">
      <Filter>Resource Files</Filter>
    </None>
    <None Include="res\unknown.ico">
      <Filter>Resource Files</Filter>
    </None>
    <None Include="res\00.ico">
      <Filter>Resource Files\Temperature Icons</Filter>
    </None>
    <None Include="res\01.ico">
      <Filter>Resource Files\Temperature Icons</Filter>
    </None>
    <None Include="res\02.ico">
      <Filter>Resource Files\Temperature Icons</Filter>
    </None>
    <None Include="res\03.ico">
      <Filter>Resource Files\Temperature Icons</Filter>
    </None>
    <None Include="res\04.ico">
      <Filter>Resource Files\Temperature Icons</Filter>
    </None>
    <None Include="res\05.ico">
      <Filter>Resource Files\Temperature Icons</Filter>
    </None>
    <None Include="res\06.ico">
      <Filter>Resource Files\Temperature Icons</Filter>
    </None>
    <None Include="res\07.ico">
      <Filter>Resource Files\Temperature Icons</Filter>
    </None>
    <None Include="res\08.ico">
      <Filter>Resource Files\Temperature Icons</Filter>
    </None>
    <None Include="res\09.ico">
      <Filter>Resource Files\Temperature Icons</Filter>
    </None>
    <None Include="res\10.ico">
      <Filter>Resource Files\Temperature Icons</Filter>
    </None>
    <None Include="res\11.ico">
      <Filter>Resource Files\Temperature Icons</Filter>
    </None>
    <None Include="res\12.ico">
      <Filter>Resource Files\Temperature Icons</Filter>
    </None>
    <None Include="res\13.ico">
      <Filter>Resource Files\Temperature Icons</Filter>
    </None>
    <None Include="res\14.ico">
      <Filter>Resource Files\Temperature Icons</Filter>
    </None>
    <None Include="res\15.ico">
      <Filter>Resource Files\Temperature Icons</Filter>
    </None>
    <None Include="res\16.ico">
      <Filter>Resource Files\Temperature Icons</Filter>
    </None>
    <None Include="res\17.ico">
      <Filter>Resource Files\Temperature Icons</Filter>
    </None>
    <None Include="res\18.ico">
      <Filter>Resource Files\Temperature Icons</Filter>
    </None>
    <None Include="res\19.ico">
      <Filter>Resource Files\Temperature Icons</Filter>
    </None>
    <None Include="res\20.ico">
      <Filter>Resource Files\Temperature Icons</Filter>
    </None>
    <None Include="res\21.ico">
      <Filter>Resource Files\Temperature Icons</Filter>
    </None>
    <None Include="res\22.ico">
      <Filter>Resource Files\Temperature Icons</Filter>
    </None>
    <None Include="res\23.ico">
      <Filter>Resource Files\Temperature Icons</Filter>
    </None>
    <None Include="res\24.ico">
      <Filter>Resource Files\Temperature Icons</Filter>
    </None>
    <None Include="res\25.ico">
      <Filter>Resource Files\Temperature Icons</Filter>
    </None>
    <None Include="res\26.ico">
      <Filter>Resource Files\Temperature Icons</Filter>
    </None>
    <None Include="res\27.ico">
      <Filter>Resource Files\Temperature Icons</Filter>
    </None>
    <None Include="res\28.ico">
      <Filter>Resource Files\Temperature Icons</Filter>
    </None>
    <None Include="res\29.ico">
      <Filter>Resource Files\Temperature Icons</Filter>
    </None>
    <None Include="res\30.ico">
      <Filter>Resource Files\Temperature Icons</Filter>
    </None>
    <None Include="res\31.ico">
      <Filter>Resource Files\Temperature Icons</Filter>
    </None>
    <None Include="res\32.ico">
      <Filter>Resource Files\Temperature Icons</Filter>
    </None>
    <None Include="res\33.ico">
      <Filter>Resource Files\Temperature Icons</Filter>
    </None>
    <None Include="res\34.ico">
      <Filter>Resource Files\Temperature Icons</Filter>
    </None>
    <None Include="res\35.ico">
      <Filter>Resource Files\Temperature Icons</Filter>
    </None>
    <None Include="res\36.ico">
      <Filter>Resource Files\Temperature Icons</Filter>
    </None>
    <None Include="res\37.ico">
      <Filter>Resource Files\Temperature Icons</Filter>
    </None>
    <None Include="res\38.ico">
      <Filter>Resource Files\Temperature Icons</Filter>
    </None>
    <None Include="res\39.ico">
      <Filter>Resource Files\Temperature Icons</Filter>
    </None>
    <None Include="res\40.ico">
      <Filter>Resource Files\Temperature Icons</Filter>
    </None>
    <None Include="res\41.ico">
      <Filter>Resource Files\Temperature Icons</Filter>
    </None>
    <None Include="res\42.ico">
      <Filter>Resource Files\Temperature Icons</Filter>
    </None>
    <None Include="res\43.ico">
      <Filter>Resource Files\Temperature Icons</Filter>
    </None>
    <None Include="res\44.ico">
      <Filter>Resource Files\Temperature Icons</Filter>
    </None>
    <None Include="res\45.ico">
      <Filter>Resource Files\Temperature Icons</Filter>
    </None>
    <None Include="res\46.ico">
      <Filter>Resource Files\Temperature Icons</Filter>
    </None>
    <None Include="res\47.ico">
      <Filter>Resource Files\Temperature Icons</Filter>
    </None>
    <None Include="res\48.ico">
      <Filter>Resource Files\Temperature Icons</Filter>
    </None>
    <None Include="res\49.ico">
      <Filter>Resource Files\Temperature Icons</Filter>
    </None>
    <None Include="res\50.ico">
      <Filter>Resource Files\Temperature Icons</Filter>
    </None>
    <None Include="res\51.ico">
      <Filter>Resource Files\Temperature Icons</Filter>
    </None>
    <None Include="res\52.ico">
      <Filter>Resource Files\Temperature Icons</Filter>
    </None>
    <None Include="res\53.ico">
      <Filter>Resource Files\Temperature Icons</Filter>
    </None>
    <None Include="res\54.ico">
      <Filter>Resource Files\Temperature Icons</Filter>
    </None>
    <None Include="res\55.ico">
      <Filter>Resource Files\Temperature Icons</Filter>
    </None>
    <None Include="res\56.ico">
      <Filter>Resource Files\Temperature Icons</Filter>
    </None>
    <None Include="res\57.ico">
      <Filter>Resource Files\Temperature Icons</Filter>
    </None>
    <None Include="res\58.ico">
      <Filter>Resource Files\Temperature Icons</Filter>
    </None>
    <None Include="res\59.ico">
      <Filter>Resource Files\Temperature Icons</Filter>
    </None>
    <None Include="res\60.ico">
      <Filter>Resource Files\Temperature Icons</Filter>
    </None>
    <None Include="res\61.ico">
      <Filter>Resource Files\Temperature Icons</Filter>
    </None>
    <None Include="res\62.ico">
      <Filter>Resource Files\Temperature Icons</Filter>
    </None>
    <None Include="res\63.ico">
      <Filter>Resource Files\Temperature Icons</Filter>
    </None>
    <None Include="res\64.ico">
      <Filter>Resource Files\Temperature Icons</Filter>
    </None>
    <None Include="res\65.ico">
      <Filter>Resource Files\Temperature Icons</Filter>
    </None>
    <None Include="res\66.ico">
      <Filter>Resource Files\Temperature Icons</Filter>
    </None>
    <None Include="res\67.ico">
      <Filter>Resource Files\Temperature Icons</Filter>
    </None>
    <None Include="res\68.ico">
      <Filter>Resource Files\Temperature Icons</Filter>
    </None>
    <None Include="res\69.ico">
      <Filter>Resource Files\Temperature Icons</Filter>
    </None>
    <None Include="res\70.ico">
      <Filter>Resource Files\Temperature Icons</Filter>
    </None>
    <None Include="res\71.ico">
      <Filter>Resource Files\Temperature Icons</Filter>
    </None>
    <None Include="res\72.ico">
      <Filter>Resource Files\Temperature Icons</Filter>
    </None>
    <None Include="res\73.ico">
      <Filter>Resource Files\Temperature Icons</Filter>
    </None>
    <None Include="res\74.ico">
      <Filter>Resource Files\Temperature Icons</Filter>
    </None>
    <None Include="res\75.ico">
      <Filter>Resource Files\Temperature Icons</Filter>
    </None>
    <None Include="res\76.ico">
      <Filter>Resource Files\Temperature Icons</Filter>
    </None>
    <None Include="res\77.ico">
      <Filter>Resource Files\Temperature Icons</Filter>
    </None>
    <None Include="res\78.ico">
      <Filter>Resource Files\Temperature Icons</Filter>
    </None>
    <None Include="res\79.ico">
      <Filter>Resource Files\Temperature Icons</Filter>
    </None>
    <None Include="res\80.ico">
      <Filter>Resource Files\Temperature Icons</Filter>
    </None>
    <None Include="res\81.ico">
      <Filter>Resource Files\Temperature Icons</Filter>
    </None>
    <None Include="res\82.ico">
      <Filter>Resource Files\Temperature Icons</Filter>
    </None>
    <None Include="res\83.ico">
      <Filter>Resource Files\Temperature Icons</Filter>
    </None>
    <None Include="res\84.ico">
      <Filter>Resource Files\Temperature Icons</Filter>
    </None>
    <None Include="res\85.ico">
      <Filter>Resource Files\Temperature Icons</Filter>
    </None>
    <None Include="res\86.ico">
      <Filter>Resource Files\Temperature Icons</Filter>
    </None>
    <None Include="res\87.ico">
      <Filter>Resource Files\Temperature Icons</Filter>
    </None>
    <None Include="res\88.ico">
      <Filter>Resource Files\Temperature Icons</Filter>
    </None>
    <None Include="res\89.ico">
      <Filter>Resource Files\Temperature Icons</Filter>
    </None>
    <None Include="res\90.ico">
      <Filter>Resource Files\Temperature Icons</Filter>
    </None>
    <None Include="res\91.ico">
      <Filter>Resource Files\Temperature Icons</Filter>
    </None>
    <None Include="res\92.ico">
      <Filter>Resource Files\Temperature Icons</Filter>
    </None>
    <None Include="res\93.ico">
      <Filter>Resource Files\Temperature Icons</Filter>
    </None>
    <None Include="res\94.ico">
      <Filter>Resource Files\Temperature Icons</Filter>
    </None>
    <None Include="res\95.ico">
      <Filter>Resource Files\Temperature Icons</Filter>
    </None>
    <None Include="res\96.ico">
      <Filter>Resource Files\Temperature Icons</Filter>
    </None>
    <None Include="res\97.ico">
      <Filter>Resource Files\Temperature Icons</Filter>
    </None>
    <None Include="res\98.ico">
      <Filter>Resource Files\Temperature Icons</Filter>
    </None>
    <None Include="res\99.ico">
      <Filter>Resource Files\Temperature Icons</Filter>
    </None>
    <None Include="res\F00.ico">
      <Filter>Resource Files\Temperature Icons</Filter>
    </None>
    <None Include="res\F01.ico">
      <Filter>Resource Files\Temperature Icons</Filter>
    </None>
    <None Include="res\F02.ico">
      <Filter>Resource Files\Temperature Icons</Filter>
    </None>
    <None Include="res\F03.ico">
      <Filter>Resource Files\Temperature Icons</Filter>
    </None>
    <None Include="res\F04.ico">
      <Filter>Resource Files\Temperature Icons</Filter>
    </None>
    <None Include="res\F05.ico">
      <Filter>Resource Files\Temperature Icons</Filter>
    </None>
    <None Include="res\F06.ico">
      <Filter>Resource Files\Temperature Icons</Filter>
    </None>
    <None Include="res\F07.ico">
      <Filter>Resource Files\Temperature Icons</Filter>
    </None>
    <None Include="res\F08.ico">
      <Filter>Resource Files\Temperature Icons</Filter>
    </None>
    <None Include="res\F09.ico">
      <Filter>Resource Files\Temperature Icons</Filter>
    </None>
    <None Include="res\F10.ico">
      <Filter>Resource Files\Temperature Icons</Filter>
    </None>
    <None Include="res\F11.ico">
      <Filter>Resource Files\Temperature Icons</Filter>
    </None>
    <None Include="res\F12.ico">
      <Filter>Resource Files\Temperature Icons</Filter>
    </None>
    <None Include="res\F13.ico">
      <Filter>Resource Files\Temperature Icons</Filter>
    </None>
    <None Include="res\F14.ico">
      <Filter>Resource Files\Temperature Icons</Filter>
    </None>
    <None Include="res\F15.ico">
      <Filter>Resource Files\Temperature Icons</Filter>
    </None>
    <None Include="res\F16.ico">
      <Filter>Resource Files\Temperature Icons</Filter>
    </None>
    <None Include="res\F17.ico">
      <Filter>Resource Files\Temperature Icons</Filter>
    </None>
    <None Include="res\F18.ico">
      <Filter>Resource Files\Temperature Icons</Filter>
    </None>
    <None Include="res\F19.ico">
      <Filter>Resource Files\Temperature Icons</Filter>
    </None>
    <None Include="res\F20.ico">
      <Filter>Resource Files\Temperature Icons</Filter>
    </None>
    <None Include="res\F21.ico">
      <Filter>Resource Files\Temperature Icons</Filter>
    </None>
    <None Include="res\F22.ico">
      <Filter>Resource Files\Temperature Icons</Filter>
    </None>
    <None Include="res\F23.ico">
      <Filter>Resource Files\Temperature Icons</Filter>
    </None>
    <None Include="res\F24.ico">
      <Filter>Resource Files\Temperature Icons</Filter>
    </None>
    <None Include="res\F25.ico">
      <Filter>Resource Files\Temperature Icons</Filter>
    </None>
    <None Include="res\F26.ico">
      <Filter>Resource Files\Temperature Icons</Filter>
    </None>
    <None Include="res\F27.ico">
      <Filter>Resource Files\Temperature Icons</Filter>
    </None>
    <None Include="res\F28.ico">
      <Filter>Resource Files\Temperature Icons</Filter>
    </None>
    <None Include="res\F29.ico">
      <Filter>Resource Files\Temperature Icons</Filter>
    </None>
    <None Include="res\F30.ico">
      <Filter>Resource Files\Temperature Icons</Filter>
    </None>
    <None Include="res\F31.ico">
      <Filter>Resource Files\Temperature Icons</Filter>
    </None>
    <None Include="res\F32.ico">
      <Filter>Resource Files\Temperature Icons</Filter>
    </None>
    <None Include="res\F33.ico">
      <Filter>Resource Files\Temperature Icons</Filter>
    </None>
    <None Include="res\F34.ico">
      <Filter>Resource Files\Temperature Icons</Filter>
    </None>
    <None Include="res\F35.ico">
      <Filter>Resource Files\Temperature Icons</Filter>
    </None>
    <None Include="res\F36.ico">
      <Filter>Resource Files\Temperature Icons</Filter>
    </None>
    <None Include="res\F37.ico">
      <Filter>Resource Files\Temperature Icons</Filter>
    </None>
    <None Include="res\F38.ico">
      <Filter>Resource Files\Temperature Icons</Filter>
    </None>
    <None Include="res\F39.ico">
      <Filter>Resource Files\Temperature Icons</Filter>
    </None>
    <None Include="res\F40.ico">
      <Filter>Resource Files\Temperature Icons</Filter>
    </None>
    <None Include="res\F41.ico">
      <Filter>Resource Files\Temperature Icons</Filter>
    </None>
    <None Include="res\F42.ico">
      <Filter>Resource Files\Temperature Icons</Filter>
    </None>
    <None Include="res\F43.ico">
      <Filter>Resource Files\Temperature Icons</Filter>
    </None>
    <None Include="res\F44.ico">
      <Filter>Resource Files\Temperature Icons</Filter>
    </None>
    <None Include="res\F45.ico">
      <Filter>Resource Files\Temperature Icons</Filter>
    </None>
    <None Include="res\F46.ico">
      <Filter>Resource Files\Temperature Icons</Filter>
    </None>
    <None Include="res\F47.ico">
      <Filter>Resource Files\Temperature Icons</Filter>
    </None>
    <None Include="res\F48.ico">
      <Filter>Resource Files\Temperature Icons</Filter>
    </None>
    <None Include="res\F49.ico">
      <Filter>Resource Files\Temperature Icons</Filter>
    </None>
    <None Include="res\F50.ico">
      <Filter>Resource Files\Temperature Icons</Filter>
    </None>
    <None Include="res\F51.ico">
      <Filter>Resource Files\Temperature Icons</Filter>
    </None>
    <None Include="res\F52.ico">
      <Filter>Resource Files\Temperature Icons</Filter>
    </None>
    <None Include="res\F53.ico">
      <Filter>Resource Files\Temperature Icons</Filter>
    </None>
    <None Include="res\F54.ico">
      <Filter>Resource Files\Temperature Icons</Filter>
    </None>
    <None Include="res\F55.ico">
      <Filter>Resource Files\Temperature Icons</Filter>
    </None>
    <None Include="res\F56.ico">
      <Filter>Resource Files\Temperature Icons</Filter>
    </None>
    <None Include="res\F57.ico">
      <Filter>Resource Files\Temperature Icons</Filter>
    </None>
    <None Include="res\F58.ico">
      <Filter>Resource Files\Temperature Icons</Filter>
    </None>
    <None Include="res\F59.ico">
      <Filter>Resource Files\Temperature Icons</Filter>
    </None>
    <None Include="res\F60.ico">
      <Filter>Resource Files\Temperature Icons</Filter>
    </None>
    <None Include="res\F61.ico">
      <Filter>Resource Files\Temperature Icons</Filter>
    </None>
    <None Include="res\F62.ico">
      <Filter>Resource Files\Temperature Icons</Filter>
    </None>
    <None Include="res\F63.ico">
      <Filter>Resource Files\Temperature Icons</Filter>
    </None>
    <None Include="res\F64.ico">
      <Filter>Resource Files\Temperature Icons</Filter>
    </None>
    <None Include="res\F65.ico">
      <Filter>Resource Files\Temperature Icons</Filter>
    </None>
    <None Include="res\F66.ico">
      <Filter>Resource Files\Temperature Icons</Filter>
    </None>
    <None Include="res\F67.ico">
      <Filter>Resource Files\Temperature Icons</Filter>
    </None>
    <None Include="res\F68.ico">
      <Filter>Resource Files\Temperature Icons</Filter>
    </None>
    <None Include="res\F69.ico">
      <Filter>Resource Files\Temperature Icons</Filter>
    </None>
    <None Include="res\F70.ico">
      <Filter>Resource Files\Temperature Icons</Filter>
    </None>
    <None Include="res\F71.ico">
      <Filter>Resource Files\Temperature Icons</Filter>
    </None>
    <None Include="res\F72.ico">
      <Filter>Resource Files\Temperature Icons</Filter>
    </None>
    <None Include="res\F73.ico">
      <Filter>Resource Files\Temperature Icons</Filter>
    </None>
    <None Include="res\F74.ico">
      <Filter>Resource Files\Temperature Icons</Filter>
    </None>
    <None Include="res\F75.ico">
      <Filter>Resource Files\Temperature Icons</Filter>
    </None>
    <None Include="res\F76.ico">
      <Filter>Resource Files\Temperature Icons</Filter>
    </None>
    <None Include="res\F77.ico">
      <Filter>Resource Files\Temperature Icons</Filter>
    </None>
    <None Include="res\F78.ico">
      <Filter>Resource Files\Temperature Icons</Filter>
    </None>
    <None Include="res\F79.ico">
      <Filter>Resource Files\Temperature Icons</Filter>
    </None>
    <None Include="res\F80.ico">
      <Filter>Resource Files\Temperature Icons</Filter>
    </None>
    <None Include="res\F81.ico">
      <Filter>Resource Files\Temperature Icons</Filter>
    </None>
    <None Include="res\F82.ico">
      <Filter>Resource Files\Temperature Icons</Filter>
    </None>
    <None Include="res\F83.ico">
      <Filter>Resource Files\Temperature Icons</Filter>
    </None>
    <None Include="res\F84.ico">
      <Filter>Resource Files\Temperature Icons</Filter>
    </None>
    <None Include="res\F85.ico">
      <Filter>Resource Files\Temperature Icons</Filter>
    </None>
    <None Include="res\F86.ico">
      <Filter>Resource Files\Temperature Icons</Filter>
    </None>
    <None Include="res\F87.ico">
      <Filter>Resource Files\Temperature Icons</Filter>
    </None>
    <None Include="res\F88.ico">
      <Filter>Resource Files\Temperature Icons</Filter>
    </None>
    <None Include="res\F89.ico">
      <Filter>Resource Files\Temperature Icons</Filter>
    </None>
    <None Include="res\F90.ico">
      <Filter>Resource Files\Temperature Icons</Filter>
    </None>
    <None Include="res\F91.ico">
      <Filter>Resource Files\Temperature Icons</Filter>
    </None>
    <None Include="res\F92.ico">
      <Filter>Resource Files\Temperature Icons</Filter>
    </None>
    <None Include="res\F93.ico">
      <Filter>Resource Files\Temperature Icons</Filter>
    </None>
    <None Include="res\F94.ico">
      <Filter>Resource Files\Temperature Icons</Filter>
    </None>
    <None Include="res\F95.ico">
      <Filter>Resource Files\Temperature Icons</Filter>
    </None>
    <None Include="res\F96.ico">
      <Filter>Resource Files\Temperature Icons</Filter>
    </None>
    <None Include="res\F97.ico">
      <Filter>Resource Files\Temperature Icons</Filter>
    </None>
    <None Include="res\F98.ico">
      <Filter>Resource Files\Temperature Icons</Filter>
    </None>
    <None Include="res\F99.ico">
      <Filter>Resource Files\Temperature Icons</Filter>
    </None>
    <None Include="res\goodGreen.ico">
      <Filter>Resource Files</Filter>
    </None>
    <None Include="resS\DiskInfo.ico">
      <Filter>Resource Files</Filter>
    </None>
    <None Include="resS\DiskInfo16.ico">
      <Filter>Resource Files</Filter>
    </None>
    <None Include="resN\DiskInfo.ico">
      <Filter>Resource Files</Filter>
    </None>
    <None Include="resN\DiskInfo16.ico">
      <Filter>Resource Files</Filter>
    </None>
    <None Include="res\001soundkenjin.opus" />
    <None Include=".gitattributes" />
    <None Include=".gitignore" />
    <None Include="ClassDiagram.cd" />
    <None Include="RuleSet.ruleset">
      <Filter>Header Files</Filter>
    </None>
    <None Include="res\html1.htm" />
  </ItemGroup>
  <ItemGroup>
    <ResourceCompile Include="DiskInfo.rc">
      <Filter>Resource Files</Filter>
    </ResourceCompile>
    <ResourceCompile Include="EventMessage.rc">
      <Filter>Resource Files</Filter>
    </ResourceCompile>
    <ResourceCompile Include="Shizuku.rc">
      <Filter>Resource Files</Filter>
    </ResourceCompile>
    <ResourceCompile Include="Normal.rc">
      <Filter>Resource Files</Filter>
    </ResourceCompile>
  </ItemGroup>
  <ItemGroup>
    <Image Include="res\B001.ico">
      <Filter>Resource Files</Filter>
    </Image>
    <Image Include="res\B002.ico">
      <Filter>Resource Files</Filter>
    </Image>
    <Image Include="res\B003.ico">
      <Filter>Resource Files</Filter>
    </Image>
    <Image Include="res\B004.ico">
      <Filter>Resource Files</Filter>
    </Image>
    <Image Include="res\B005.ico">
      <Filter>Resource Files</Filter>
    </Image>
    <Image Include="res\B006.ico">
      <Filter>Resource Files</Filter>
    </Image>
    <Image Include="res\B007.ico">
      <Filter>Resource Files</Filter>
    </Image>
    <Image Include="res\B008.ico">
      <Filter>Resource Files</Filter>
    </Image>
    <Image Include="res\B009.ico">
      <Filter>Resource Files</Filter>
    </Image>
    <Image Include="res\B010.ico">
      <Filter>Resource Files</Filter>
    </Image>
    <Image Include="res\B011.ico">
      <Filter>Resource Files</Filter>
    </Image>
    <Image Include="res\B012.ico">
      <Filter>Resource Files</Filter>
    </Image>
    <Image Include="res\B013.ico">
      <Filter>Resource Files</Filter>
    </Image>
    <Image Include="res\B014.ico">
      <Filter>Resource Files</Filter>
    </Image>
    <Image Include="res\B015.ico">
      <Filter>Resource Files</Filter>
    </Image>
    <Image Include="res\B016.ico">
      <Filter>Resource Files</Filter>
    </Image>
    <Image Include="res\B017.ico">
      <Filter>Resource Files</Filter>
    </Image>
    <Image Include="res\B018.ico">
      <Filter>Resource Files</Filter>
    </Image>
    <Image Include="res\B019.ico">
      <Filter>Resource Files</Filter>
    </Image>
    <Image Include="res\B020.ico">
      <Filter>Resource Files</Filter>
    </Image>
    <Image Include="res\B021.ico">
      <Filter>Resource Files</Filter>
    </Image>
    <Image Include="res\B022.ico">
      <Filter>Resource Files</Filter>
    </Image>
    <Image Include="res\B023.ico">
      <Filter>Resource Files</Filter>
    </Image>
    <Image Include="res\B024.ico">
      <Filter>Resource Files</Filter>
    </Image>
    <Image Include="res\B025.ico">
      <Filter>Resource Files</Filter>
    </Image>
    <Image Include="res\B026.ico">
      <Filter>Resource Files</Filter>
    </Image>
    <Image Include="res\B027.ico">
      <Filter>Resource Files</Filter>
    </Image>
    <Image Include="res\B028.ico">
      <Filter>Resource Files</Filter>
    </Image>
    <Image Include="res\B029.ico">
      <Filter>Resource Files</Filter>
    </Image>
    <Image Include="res\B030.ico">
      <Filter>Resource Files</Filter>
    </Image>
    <Image Include="res\B031.ico">
      <Filter>Resource Files</Filter>
    </Image>
    <Image Include="res\B032.ico">
      <Filter>Resource Files</Filter>
    </Image>
    <Image Include="res\B033.ico">
      <Filter>Resource Files</Filter>
    </Image>
    <Image Include="res\B034.ico">
      <Filter>Resource Files</Filter>
    </Image>
    <Image Include="res\B035.ico">
      <Filter>Resource Files</Filter>
    </Image>
    <Image Include="res\B036.ico">
      <Filter>Resource Files</Filter>
    </Image>
    <Image Include="res\B037.ico">
      <Filter>Resource Files</Filter>
    </Image>
    <Image Include="res\B038.ico">
      <Filter>Resource Files</Filter>
    </Image>
    <Image Include="res\B039.ico">
      <Filter>Resource Files</Filter>
    </Image>
    <Image Include="res\B040.ico">
      <Filter>Resource Files</Filter>
    </Image>
    <Image Include="res\B041.ico">
      <Filter>Resource Files</Filter>
    </Image>
    <Image Include="res\B042.ico">
      <Filter>Resource Files</Filter>
    </Image>
    <Image Include="res\B043.ico">
      <Filter>Resource Files</Filter>
    </Image>
    <Image Include="res\B044.ico">
      <Filter>Resource Files</Filter>
    </Image>
    <Image Include="res\B045.ico">
      <Filter>Resource Files</Filter>
    </Image>
    <Image Include="res\B046.ico">
      <Filter>Resource Files</Filter>
    </Image>
    <Image Include="res\B047.ico">
      <Filter>Resource Files</Filter>
    </Image>
    <Image Include="res\B048.ico">
      <Filter>Resource Files</Filter>
    </Image>
    <Image Include="res\B049.ico">
      <Filter>Resource Files</Filter>
    </Image>
    <Image Include="res\B050.ico">
      <Filter>Resource Files</Filter>
    </Image>
    <Image Include="res\B051.ico">
      <Filter>Resource Files</Filter>
    </Image>
    <Image Include="res\B052.ico">
      <Filter>Resource Files</Filter>
    </Image>
    <Image Include="res\B053.ico">
      <Filter>Resource Files</Filter>
    </Image>
    <Image Include="res\B054.ico">
      <Filter>Resource Files</Filter>
    </Image>
    <Image Include="res\B055.ico">
      <Filter>Resource Files</Filter>
    </Image>
    <Image Include="res\B056.ico">
      <Filter>Resource Files</Filter>
    </Image>
    <Image Include="res\B057.ico">
      <Filter>Resource Files</Filter>
    </Image>
    <Image Include="res\B058.ico">
      <Filter>Resource Files</Filter>
    </Image>
    <Image Include="res\B059.ico">
      <Filter>Resource Files</Filter>
    </Image>
    <Image Include="res\B060.ico">
      <Filter>Resource Files</Filter>
    </Image>
    <Image Include="res\B061.ico">
      <Filter>Resource Files</Filter>
    </Image>
    <Image Include="res\B062.ico">
      <Filter>Resource Files</Filter>
    </Image>
    <Image Include="res\B063.ico">
      <Filter>Resource Files</Filter>
    </Image>
    <Image Include="res\B064.ico">
      <Filter>Resource Files</Filter>
    </Image>
    <Image Include="res\B065.ico">
      <Filter>Resource Files</Filter>
    </Image>
    <Image Include="res\B066.ico">
      <Filter>Resource Files</Filter>
    </Image>
    <Image Include="res\B067.ico">
      <Filter>Resource Files</Filter>
    </Image>
    <Image Include="res\B068.ico">
      <Filter>Resource Files</Filter>
    </Image>
    <Image Include="res\B069.ico">
      <Filter>Resource Files</Filter>
    </Image>
    <Image Include="res\B070.ico">
      <Filter>Resource Files</Filter>
    </Image>
    <Image Include="res\B071.ico">
      <Filter>Resource Files</Filter>
    </Image>
    <Image Include="res\B072.ico">
      <Filter>Resource Files</Filter>
    </Image>
    <Image Include="res\B073.ico">
      <Filter>Resource Files</Filter>
    </Image>
    <Image Include="res\B074.ico">
      <Filter>Resource Files</Filter>
    </Image>
    <Image Include="res\B075.ico">
      <Filter>Resource Files</Filter>
    </Image>
    <Image Include="res\B076.ico">
      <Filter>Resource Files</Filter>
    </Image>
    <Image Include="res\B077.ico">
      <Filter>Resource Files</Filter>
    </Image>
    <Image Include="res\B078.ico">
      <Filter>Resource Files</Filter>
    </Image>
    <Image Include="res\B079.ico">
      <Filter>Resource Files</Filter>
    </Image>
    <Image Include="res\B080.ico">
      <Filter>Resource Files</Filter>
    </Image>
    <Image Include="res\B081.ico">
      <Filter>Resource Files</Filter>
    </Image>
    <Image Include="res\B082.ico">
      <Filter>Resource Files</Filter>
    </Image>
    <Image Include="res\B083.ico">
      <Filter>Resource Files</Filter>
    </Image>
    <Image Include="res\B084.ico">
      <Filter>Resource Files</Filter>
    </Image>
    <Image Include="res\B085.ico">
      <Filter>Resource Files</Filter>
    </Image>
    <Image Include="res\B086.ico">
      <Filter>Resource Files</Filter>
    </Image>
    <Image Include="res\B087.ico">
      <Filter>Resource Files</Filter>
    </Image>
    <Image Include="res\B088.ico">
      <Filter>Resource Files</Filter>
    </Image>
    <Image Include="res\B089.ico">
      <Filter>Resource Files</Filter>
    </Image>
    <Image Include="res\B090.ico">
      <Filter>Resource Files</Filter>
    </Image>
    <Image Include="res\B091.ico">
      <Filter>Resource Files</Filter>
    </Image>
    <Image Include="res\B092.ico">
      <Filter>Resource Files</Filter>
    </Image>
    <Image Include="res\B093.ico">
      <Filter>Resource Files</Filter>
    </Image>
    <Image Include="res\B094.ico">
      <Filter>Resource Files</Filter>
    </Image>
    <Image Include="res\B095.ico">
      <Filter>Resource Files</Filter>
    </Image>
    <Image Include="res\B096.ico">
      <Filter>Resource Files</Filter>
    </Image>
    <Image Include="res\B097.ico">
      <Filter>Resource Files</Filter>
    </Image>
    <Image Include="res\B098.ico">
      <Filter>Resource Files</Filter>
    </Image>
    <Image Include="res\B099.ico">
      <Filter>Resource Files</Filter>
    </Image>
    <Image Include="res\G001.ico">
      <Filter>Resource Files</Filter>
    </Image>
    <Image Include="res\G002.ico">
      <Filter>Resource Files</Filter>
    </Image>
    <Image Include="res\G003.ico">
      <Filter>Resource Files</Filter>
    </Image>
    <Image Include="res\G004.ico">
      <Filter>Resource Files</Filter>
    </Image>
    <Image Include="res\G005.ico">
      <Filter>Resource Files</Filter>
    </Image>
    <Image Include="res\G006.ico">
      <Filter>Resource Files</Filter>
    </Image>
    <Image Include="res\G007.ico">
      <Filter>Resource Files</Filter>
    </Image>
    <Image Include="res\G008.ico">
      <Filter>Resource Files</Filter>
    </Image>
    <Image Include="res\G009.ico">
      <Filter>Resource Files</Filter>
    </Image>
    <Image Include="res\G010.ico">
      <Filter>Resource Files</Filter>
    </Image>
    <Image Include="res\G011.ico">
      <Filter>Resource Files</Filter>
    </Image>
    <Image Include="res\G012.ico">
      <Filter>Resource Files</Filter>
    </Image>
    <Image Include="res\G013.ico">
      <Filter>Resource Files</Filter>
    </Image>
    <Image Include="res\G014.ico">
      <Filter>Resource Files</Filter>
    </Image>
    <Image Include="res\G015.ico">
      <Filter>Resource Files</Filter>
    </Image>
    <Image Include="res\G016.ico">
      <Filter>Resource Files</Filter>
    </Image>
    <Image Include="res\G017.ico">
      <Filter>Resource Files</Filter>
    </Image>
    <Image Include="res\G018.ico">
      <Filter>Resource Files</Filter>
    </Image>
    <Image Include="res\G019.ico">
      <Filter>Resource Files</Filter>
    </Image>
    <Image Include="res\G020.ico">
      <Filter>Resource Files</Filter>
    </Image>
    <Image Include="res\G021.ico">
      <Filter>Resource Files</Filter>
    </Image>
    <Image Include="res\G022.ico">
      <Filter>Resource Files</Filter>
    </Image>
    <Image Include="res\G023.ico">
      <Filter>Resource Files</Filter>
    </Image>
    <Image Include="res\G024.ico">
      <Filter>Resource Files</Filter>
    </Image>
    <Image Include="res\G025.ico">
      <Filter>Resource Files</Filter>
    </Image>
    <Image Include="res\G026.ico">
      <Filter>Resource Files</Filter>
    </Image>
    <Image Include="res\G027.ico">
      <Filter>Resource Files</Filter>
    </Image>
    <Image Include="res\G028.ico">
      <Filter>Resource Files</Filter>
    </Image>
    <Image Include="res\G029.ico">
      <Filter>Resource Files</Filter>
    </Image>
    <Image Include="res\G030.ico">
      <Filter>Resource Files</Filter>
    </Image>
    <Image Include="res\G031.ico">
      <Filter>Resource Files</Filter>
    </Image>
    <Image Include="res\G032.ico">
      <Filter>Resource Files</Filter>
    </Image>
    <Image Include="res\G033.ico">
      <Filter>Resource Files</Filter>
    </Image>
    <Image Include="res\G034.ico">
      <Filter>Resource Files</Filter>
    </Image>
    <Image Include="res\G035.ico">
      <Filter>Resource Files</Filter>
    </Image>
    <Image Include="res\G036.ico">
      <Filter>Resource Files</Filter>
    </Image>
    <Image Include="res\G037.ico">
      <Filter>Resource Files</Filter>
    </Image>
    <Image Include="res\G038.ico">
      <Filter>Resource Files</Filter>
    </Image>
    <Image Include="res\G039.ico">
      <Filter>Resource Files</Filter>
    </Image>
    <Image Include="res\G040.ico">
      <Filter>Resource Files</Filter>
    </Image>
    <Image Include="res\G041.ico">
      <Filter>Resource Files</Filter>
    </Image>
    <Image Include="res\G042.ico">
      <Filter>Resource Files</Filter>
    </Image>
    <Image Include="res\G043.ico">
      <Filter>Resource Files</Filter>
    </Image>
    <Image Include="res\G044.ico">
      <Filter>Resource Files</Filter>
    </Image>
    <Image Include="res\G045.ico">
      <Filter>Resource Files</Filter>
    </Image>
    <Image Include="res\G046.ico">
      <Filter>Resource Files</Filter>
    </Image>
    <Image Include="res\G047.ico">
      <Filter>Resource Files</Filter>
    </Image>
    <Image Include="res\G048.ico">
      <Filter>Resource Files</Filter>
    </Image>
    <Image Include="res\G049.ico">
      <Filter>Resource Files</Filter>
    </Image>
    <Image Include="res\G050.ico">
      <Filter>Resource Files</Filter>
    </Image>
    <Image Include="res\G051.ico">
      <Filter>Resource Files</Filter>
    </Image>
    <Image Include="res\G052.ico">
      <Filter>Resource Files</Filter>
    </Image>
    <Image Include="res\G053.ico">
      <Filter>Resource Files</Filter>
    </Image>
    <Image Include="res\G054.ico">
      <Filter>Resource Files</Filter>
    </Image>
    <Image Include="res\G055.ico">
      <Filter>Resource Files</Filter>
    </Image>
    <Image Include="res\G056.ico">
      <Filter>Resource Files</Filter>
    </Image>
    <Image Include="res\G057.ico">
      <Filter>Resource Files</Filter>
    </Image>
    <Image Include="res\G058.ico">
      <Filter>Resource Files</Filter>
    </Image>
    <Image Include="res\G059.ico">
      <Filter>Resource Files</Filter>
    </Image>
    <Image Include="res\G060.ico">
      <Filter>Resource Files</Filter>
    </Image>
    <Image Include="res\G061.ico">
      <Filter>Resource Files</Filter>
    </Image>
    <Image Include="res\G062.ico">
      <Filter>Resource Files</Filter>
    </Image>
    <Image Include="res\G063.ico">
      <Filter>Resource Files</Filter>
    </Image>
    <Image Include="res\G064.ico">
      <Filter>Resource Files</Filter>
    </Image>
    <Image Include="res\G065.ico">
      <Filter>Resource Files</Filter>
    </Image>
    <Image Include="res\G066.ico">
      <Filter>Resource Files</Filter>
    </Image>
    <Image Include="res\G067.ico">
      <Filter>Resource Files</Filter>
    </Image>
    <Image Include="res\G068.ico">
      <Filter>Resource Files</Filter>
    </Image>
    <Image Include="res\G069.ico">
      <Filter>Resource Files</Filter>
    </Image>
    <Image Include="res\G070.ico">
      <Filter>Resource Files</Filter>
    </Image>
    <Image Include="res\G071.ico">
      <Filter>Resource Files</Filter>
    </Image>
    <Image Include="res\G072.ico">
      <Filter>Resource Files</Filter>
    </Image>
    <Image Include="res\G073.ico">
      <Filter>Resource Files</Filter>
    </Image>
    <Image Include="res\G074.ico">
      <Filter>Resource Files</Filter>
    </Image>
    <Image Include="res\G075.ico">
      <Filter>Resource Files</Filter>
    </Image>
    <Image Include="res\G076.ico">
      <Filter>Resource Files</Filter>
    </Image>
    <Image Include="res\G077.ico">
      <Filter>Resource Files</Filter>
    </Image>
    <Image Include="res\G078.ico">
      <Filter>Resource Files</Filter>
    </Image>
    <Image Include="res\G079.ico">
      <Filter>Resource Files</Filter>
    </Image>
    <Image Include="res\G080.ico">
      <Filter>Resource Files</Filter>
    </Image>
    <Image Include="res\G081.ico">
      <Filter>Resource Files</Filter>
    </Image>
    <Image Include="res\G082.ico">
      <Filter>Resource Files</Filter>
    </Image>
    <Image Include="res\G083.ico">
      <Filter>Resource Files</Filter>
    </Image>
    <Image Include="res\G084.ico">
      <Filter>Resource Files</Filter>
    </Image>
    <Image Include="res\G085.ico">
      <Filter>Resource Files</Filter>
    </Image>
    <Image Include="res\G086.ico">
      <Filter>Resource Files</Filter>
    </Image>
    <Image Include="res\G087.ico">
      <Filter>Resource Files</Filter>
    </Image>
    <Image Include="res\G088.ico">
      <Filter>Resource Files</Filter>
    </Image>
    <Image Include="res\G089.ico">
      <Filter>Resource Files</Filter>
    </Image>
    <Image Include="res\G090.ico">
      <Filter>Resource Files</Filter>
    </Image>
    <Image Include="res\G091.ico">
      <Filter>Resource Files</Filter>
    </Image>
    <Image Include="res\G092.ico">
      <Filter>Resource Files</Filter>
    </Image>
    <Image Include="res\G093.ico">
      <Filter>Resource Files</Filter>
    </Image>
    <Image Include="res\G094.ico">
      <Filter>Resource Files</Filter>
    </Image>
    <Image Include="res\G095.ico">
      <Filter>Resource Files</Filter>
    </Image>
    <Image Include="res\G096.ico">
      <Filter>Resource Files</Filter>
    </Image>
    <Image Include="res\G097.ico">
      <Filter>Resource Files</Filter>
    </Image>
    <Image Include="res\G098.ico">
      <Filter>Resource Files</Filter>
    </Image>
    <Image Include="res\G099.ico">
      <Filter>Resource Files</Filter>
    </Image>
    <Image Include="res\R001.ico">
      <Filter>Resource Files</Filter>
    </Image>
    <Image Include="res\R002.ico">
      <Filter>Resource Files</Filter>
    </Image>
    <Image Include="res\R003.ico">
      <Filter>Resource Files</Filter>
    </Image>
    <Image Include="res\R004.ico">
      <Filter>Resource Files</Filter>
    </Image>
    <Image Include="res\R005.ico">
      <Filter>Resource Files</Filter>
    </Image>
    <Image Include="res\R006.ico">
      <Filter>Resource Files</Filter>
    </Image>
    <Image Include="res\R007.ico">
      <Filter>Resource Files</Filter>
    </Image>
    <Image Include="res\R008.ico">
      <Filter>Resource Files</Filter>
    </Image>
    <Image Include="res\R009.ico">
      <Filter>Resource Files</Filter>
    </Image>
    <Image Include="res\R010.ico">
      <Filter>Resource Files</Filter>
    </Image>
    <Image Include="res\R011.ico">
      <Filter>Resource Files</Filter>
    </Image>
    <Image Include="res\R012.ico">
      <Filter>Resource Files</Filter>
    </Image>
    <Image Include="res\R013.ico">
      <Filter>Resource Files</Filter>
    </Image>
    <Image Include="res\R014.ico">
      <Filter>Resource Files</Filter>
    </Image>
    <Image Include="res\R015.ico">
      <Filter>Resource Files</Filter>
    </Image>
    <Image Include="res\R016.ico">
      <Filter>Resource Files</Filter>
    </Image>
    <Image Include="res\R017.ico">
      <Filter>Resource Files</Filter>
    </Image>
    <Image Include="res\R018.ico">
      <Filter>Resource Files</Filter>
    </Image>
    <Image Include="res\R019.ico">
      <Filter>Resource Files</Filter>
    </Image>
    <Image Include="res\R020.ico">
      <Filter>Resource Files</Filter>
    </Image>
    <Image Include="res\R021.ico">
      <Filter>Resource Files</Filter>
    </Image>
    <Image Include="res\R022.ico">
      <Filter>Resource Files</Filter>
    </Image>
    <Image Include="res\R023.ico">
      <Filter>Resource Files</Filter>
    </Image>
    <Image Include="res\R024.ico">
      <Filter>Resource Files</Filter>
    </Image>
    <Image Include="res\R025.ico">
      <Filter>Resource Files</Filter>
    </Image>
    <Image Include="res\R026.ico">
      <Filter>Resource Files</Filter>
    </Image>
    <Image Include="res\R027.ico">
      <Filter>Resource Files</Filter>
    </Image>
    <Image Include="res\R028.ico">
      <Filter>Resource Files</Filter>
    </Image>
    <Image Include="res\R029.ico">
      <Filter>Resource Files</Filter>
    </Image>
    <Image Include="res\R030.ico">
      <Filter>Resource Files</Filter>
    </Image>
    <Image Include="res\R031.ico">
      <Filter>Resource Files</Filter>
    </Image>
    <Image Include="res\R032.ico">
      <Filter>Resource Files</Filter>
    </Image>
    <Image Include="res\R033.ico">
      <Filter>Resource Files</Filter>
    </Image>
    <Image Include="res\R034.ico">
      <Filter>Resource Files</Filter>
    </Image>
    <Image Include="res\R035.ico">
      <Filter>Resource Files</Filter>
    </Image>
    <Image Include="res\R036.ico">
      <Filter>Resource Files</Filter>
    </Image>
    <Image Include="res\R037.ico">
      <Filter>Resource Files</Filter>
    </Image>
    <Image Include="res\R038.ico">
      <Filter>Resource Files</Filter>
    </Image>
    <Image Include="res\R039.ico">
      <Filter>Resource Files</Filter>
    </Image>
    <Image Include="res\R040.ico">
      <Filter>Resource Files</Filter>
    </Image>
    <Image Include="res\R041.ico">
      <Filter>Resource Files</Filter>
    </Image>
    <Image Include="res\R042.ico">
      <Filter>Resource Files</Filter>
    </Image>
    <Image Include="res\R043.ico">
      <Filter>Resource Files</Filter>
    </Image>
    <Image Include="res\R044.ico">
      <Filter>Resource Files</Filter>
    </Image>
    <Image Include="res\R045.ico">
      <Filter>Resource Files</Filter>
    </Image>
    <Image Include="res\R046.ico">
      <Filter>Resource Files</Filter>
    </Image>
    <Image Include="res\R047.ico">
      <Filter>Resource Files</Filter>
    </Image>
    <Image Include="res\R048.ico">
      <Filter>Resource Files</Filter>
    </Image>
    <Image Include="res\R049.ico">
      <Filter>Resource Files</Filter>
    </Image>
    <Image Include="res\R050.ico">
      <Filter>Resource Files</Filter>
    </Image>
    <Image Include="res\R051.ico">
      <Filter>Resource Files</Filter>
    </Image>
    <Image Include="res\R052.ico">
      <Filter>Resource Files</Filter>
    </Image>
    <Image Include="res\R053.ico">
      <Filter>Resource Files</Filter>
    </Image>
    <Image Include="res\R054.ico">
      <Filter>Resource Files</Filter>
    </Image>
    <Image Include="res\R055.ico">
      <Filter>Resource Files</Filter>
    </Image>
    <Image Include="res\R056.ico">
      <Filter>Resource Files</Filter>
    </Image>
    <Image Include="res\R057.ico">
      <Filter>Resource Files</Filter>
    </Image>
    <Image Include="res\R058.ico">
      <Filter>Resource Files</Filter>
    </Image>
    <Image Include="res\R059.ico">
      <Filter>Resource Files</Filter>
    </Image>
    <Image Include="res\R060.ico">
      <Filter>Resource Files</Filter>
    </Image>
    <Image Include="res\R061.ico">
      <Filter>Resource Files</Filter>
    </Image>
    <Image Include="res\R062.ico">
      <Filter>Resource Files</Filter>
    </Image>
    <Image Include="res\R063.ico">
      <Filter>Resource Files</Filter>
    </Image>
    <Image Include="res\R064.ico">
      <Filter>Resource Files</Filter>
    </Image>
    <Image Include="res\R065.ico">
      <Filter>Resource Files</Filter>
    </Image>
    <Image Include="res\R066.ico">
      <Filter>Resource Files</Filter>
    </Image>
    <Image Include="res\R067.ico">
      <Filter>Resource Files</Filter>
    </Image>
    <Image Include="res\R068.ico">
      <Filter>Resource Files</Filter>
    </Image>
    <Image Include="res\R069.ico">
      <Filter>Resource Files</Filter>
    </Image>
    <Image Include="res\R070.ico">
      <Filter>Resource Files</Filter>
    </Image>
    <Image Include="res\R071.ico">
      <Filter>Resource Files</Filter>
    </Image>
    <Image Include="res\R072.ico">
      <Filter>Resource Files</Filter>
    </Image>
    <Image Include="res\R073.ico">
      <Filter>Resource Files</Filter>
    </Image>
    <Image Include="res\R074.ico">
      <Filter>Resource Files</Filter>
    </Image>
    <Image Include="res\R075.ico">
      <Filter>Resource Files</Filter>
    </Image>
    <Image Include="res\R076.ico">
      <Filter>Resource Files</Filter>
    </Image>
    <Image Include="res\R077.ico">
      <Filter>Resource Files</Filter>
    </Image>
    <Image Include="res\R078.ico">
      <Filter>Resource Files</Filter>
    </Image>
    <Image Include="res\R079.ico">
      <Filter>Resource Files</Filter>
    </Image>
    <Image Include="res\R080.ico">
      <Filter>Resource Files</Filter>
    </Image>
    <Image Include="res\R081.ico">
      <Filter>Resource Files</Filter>
    </Image>
    <Image Include="res\R082.ico">
      <Filter>Resource Files</Filter>
    </Image>
    <Image Include="res\R083.ico">
      <Filter>Resource Files</Filter>
    </Image>
    <Image Include="res\R084.ico">
      <Filter>Resource Files</Filter>
    </Image>
    <Image Include="res\R085.ico">
      <Filter>Resource Files</Filter>
    </Image>
    <Image Include="res\R086.ico">
      <Filter>Resource Files</Filter>
    </Image>
    <Image Include="res\R087.ico">
      <Filter>Resource Files</Filter>
    </Image>
    <Image Include="res\R088.ico">
      <Filter>Resource Files</Filter>
    </Image>
    <Image Include="res\R089.ico">
      <Filter>Resource Files</Filter>
    </Image>
    <Image Include="res\R090.ico">
      <Filter>Resource Files</Filter>
    </Image>
    <Image Include="res\R091.ico">
      <Filter>Resource Files</Filter>
    </Image>
    <Image Include="res\R092.ico">
      <Filter>Resource Files</Filter>
    </Image>
    <Image Include="res\R093.ico">
      <Filter>Resource Files</Filter>
    </Image>
    <Image Include="res\R094.ico">
      <Filter>Resource Files</Filter>
    </Image>
    <Image Include="res\R095.ico">
      <Filter>Resource Files</Filter>
    </Image>
    <Image Include="res\R096.ico">
      <Filter>Resource Files</Filter>
    </Image>
    <Image Include="res\R097.ico">
      <Filter>Resource Files</Filter>
    </Image>
    <Image Include="res\R098.ico">
      <Filter>Resource Files</Filter>
    </Image>
    <Image Include="res\R099.ico">
      <Filter>Resource Files</Filter>
    </Image>
    <Image Include="res\B100.ico">
      <Filter>Resource Files</Filter>
    </Image>
    <Image Include="res\B102.ico">
      <Filter>Resource Files</Filter>
    </Image>
    <Image Include="res\B104.ico">
      <Filter>Resource Files</Filter>
    </Image>
    <Image Include="res\B105.ico">
      <Filter>Resource Files</Filter>
    </Image>
    <Image Include="res\B107.ico">
      <Filter>Resource Files</Filter>
    </Image>
    <Image Include="res\B109.ico">
      <Filter>Resource Files</Filter>
    </Image>
    <Image Include="res\B111.ico">
      <Filter>Resource Files</Filter>
    </Image>
    <Image Include="res\B113.ico">
      <Filter>Resource Files</Filter>
    </Image>
    <Image Include="res\B114.ico">
      <Filter>Resource Files</Filter>
    </Image>
    <Image Include="res\B116.ico">
      <Filter>Resource Files</Filter>
    </Image>
    <Image Include="res\B118.ico">
      <Filter>Resource Files</Filter>
    </Image>
    <Image Include="res\B120.ico">
      <Filter>Resource Files</Filter>
    </Image>
    <Image Include="res\B122.ico">
      <Filter>Resource Files</Filter>
    </Image>
    <Image Include="res\B123.ico">
      <Filter>Resource Files</Filter>
    </Image>
    <Image Include="res\B125.ico">
      <Filter>Resource Files</Filter>
    </Image>
    <Image Include="res\B127.ico">
      <Filter>Resource Files</Filter>
    </Image>
    <Image Include="res\B129.ico">
      <Filter>Resource Files</Filter>
    </Image>
    <Image Include="res\B131.ico">
      <Filter>Resource Files</Filter>
    </Image>
    <Image Include="res\B132.ico">
      <Filter>Resource Files</Filter>
    </Image>
    <Image Include="res\B134.ico">
      <Filter>Resource Files</Filter>
    </Image>
    <Image Include="res\B136.ico">
      <Filter>Resource Files</Filter>
    </Image>
    <Image Include="res\B138.ico">
      <Filter>Resource Files</Filter>
    </Image>
    <Image Include="res\B140.ico">
      <Filter>Resource Files</Filter>
    </Image>
    <Image Include="res\B141.ico">
      <Filter>Resource Files</Filter>
    </Image>
    <Image Include="res\B143.ico">
      <Filter>Resource Files</Filter>
    </Image>
    <Image Include="res\B145.ico">
      <Filter>Resource Files</Filter>
    </Image>
    <Image Include="res\B147.ico">
      <Filter>Resource Files</Filter>
    </Image>
    <Image Include="res\B149.ico">
      <Filter>Resource Files</Filter>
    </Image>
    <Image Include="res\B150.ico">
      <Filter>Resource Files</Filter>
    </Image>
    <Image Include="res\B152.ico">
      <Filter>Resource Files</Filter>
    </Image>
    <Image Include="res\B154.ico">
      <Filter>Resource Files</Filter>
    </Image>
    <Image Include="res\B156.ico">
      <Filter>Resource Files</Filter>
    </Image>
    <Image Include="res\B158.ico">
      <Filter>Resource Files</Filter>
    </Image>
    <Image Include="res\B159.ico">
      <Filter>Resource Files</Filter>
    </Image>
    <Image Include="res\B161.ico">
      <Filter>Resource Files</Filter>
    </Image>
    <Image Include="res\B163.ico">
      <Filter>Resource Files</Filter>
    </Image>
    <Image Include="res\B165.ico">
      <Filter>Resource Files</Filter>
    </Image>
    <Image Include="res\B167.ico">
      <Filter>Resource Files</Filter>
    </Image>
    <Image Include="res\B168.ico">
      <Filter>Resource Files</Filter>
    </Image>
    <Image Include="res\B170.ico">
      <Filter>Resource Files</Filter>
    </Image>
    <Image Include="res\B172.ico">
      <Filter>Resource Files</Filter>
    </Image>
    <Image Include="res\B174.ico">
      <Filter>Resource Files</Filter>
    </Image>
    <Image Include="res\B176.ico">
      <Filter>Resource Files</Filter>
    </Image>
    <Image Include="res\B177.ico">
      <Filter>Resource Files</Filter>
    </Image>
    <Image Include="res\B179.ico">
      <Filter>Resource Files</Filter>
    </Image>
    <Image Include="res\B181.ico">
      <Filter>Resource Files</Filter>
    </Image>
    <Image Include="res\B183.ico">
      <Filter>Resource Files</Filter>
    </Image>
    <Image Include="res\B185.ico">
      <Filter>Resource Files</Filter>
    </Image>
    <Image Include="res\B186.ico">
      <Filter>Resource Files</Filter>
    </Image>
    <Image Include="res\B188.ico">
      <Filter>Resource Files</Filter>
    </Image>
    <Image Include="res\B190.ico">
      <Filter>Resource Files</Filter>
    </Image>
    <Image Include="res\B192.ico">
      <Filter>Resource Files</Filter>
    </Image>
    <Image Include="res\B194.ico">
      <Filter>Resource Files</Filter>
    </Image>
    <Image Include="res\B195.ico">
      <Filter>Resource Files</Filter>
    </Image>
    <Image Include="res\B197.ico">
      <Filter>Resource Files</Filter>
    </Image>
    <Image Include="res\B199.ico">
      <Filter>Resource Files</Filter>
    </Image>
    <Image Include="res\B201.ico">
      <Filter>Resource Files</Filter>
    </Image>
    <Image Include="res\B203.ico">
      <Filter>Resource Files</Filter>
    </Image>
    <Image Include="res\B204.ico">
      <Filter>Resource Files</Filter>
    </Image>
    <Image Include="res\B206.ico">
      <Filter>Resource Files</Filter>
    </Image>
    <Image Include="res\B208.ico">
      <Filter>Resource Files</Filter>
    </Image>
    <Image Include="res\B210.ico">
      <Filter>Resource Files</Filter>
    </Image>
    <Image Include="res\G100.ico">
      <Filter>Resource Files</Filter>
    </Image>
    <Image Include="res\G102.ico">
      <Filter>Resource Files</Filter>
    </Image>
    <Image Include="res\G104.ico">
      <Filter>Resource Files</Filter>
    </Image>
    <Image Include="res\G105.ico">
      <Filter>Resource Files</Filter>
    </Image>
    <Image Include="res\G107.ico">
      <Filter>Resource Files</Filter>
    </Image>
    <Image Include="res\G109.ico">
      <Filter>Resource Files</Filter>
    </Image>
    <Image Include="res\G111.ico">
      <Filter>Resource Files</Filter>
    </Image>
    <Image Include="res\G113.ico">
      <Filter>Resource Files</Filter>
    </Image>
    <Image Include="res\G114.ico">
      <Filter>Resource Files</Filter>
    </Image>
    <Image Include="res\G116.ico">
      <Filter>Resource Files</Filter>
    </Image>
    <Image Include="res\G118.ico">
      <Filter>Resource Files</Filter>
    </Image>
    <Image Include="res\G120.ico">
      <Filter>Resource Files</Filter>
    </Image>
    <Image Include="res\G122.ico">
      <Filter>Resource Files</Filter>
    </Image>
    <Image Include="res\G123.ico">
      <Filter>Resource Files</Filter>
    </Image>
    <Image Include="res\G125.ico">
      <Filter>Resource Files</Filter>
    </Image>
    <Image Include="res\G127.ico">
      <Filter>Resource Files</Filter>
    </Image>
    <Image Include="res\G129.ico">
      <Filter>Resource Files</Filter>
    </Image>
    <Image Include="res\G131.ico">
      <Filter>Resource Files</Filter>
    </Image>
    <Image Include="res\G132.ico">
      <Filter>Resource Files</Filter>
    </Image>
    <Image Include="res\G134.ico">
      <Filter>Resource Files</Filter>
    </Image>
    <Image Include="res\G136.ico">
      <Filter>Resource Files</Filter>
    </Image>
    <Image Include="res\G138.ico">
      <Filter>Resource Files</Filter>
    </Image>
    <Image Include="res\G140.ico">
      <Filter>Resource Files</Filter>
    </Image>
    <Image Include="res\G141.ico">
      <Filter>Resource Files</Filter>
    </Image>
    <Image Include="res\G143.ico">
      <Filter>Resource Files</Filter>
    </Image>
    <Image Include="res\G145.ico">
      <Filter>Resource Files</Filter>
    </Image>
    <Image Include="res\G147.ico">
      <Filter>Resource Files</Filter>
    </Image>
    <Image Include="res\G149.ico">
      <Filter>Resource Files</Filter>
    </Image>
    <Image Include="res\G150.ico">
      <Filter>Resource Files</Filter>
    </Image>
    <Image Include="res\G152.ico">
      <Filter>Resource Files</Filter>
    </Image>
    <Image Include="res\G154.ico">
      <Filter>Resource Files</Filter>
    </Image>
    <Image Include="res\G156.ico">
      <Filter>Resource Files</Filter>
    </Image>
    <Image Include="res\G158.ico">
      <Filter>Resource Files</Filter>
    </Image>
    <Image Include="res\G159.ico">
      <Filter>Resource Files</Filter>
    </Image>
    <Image Include="res\G161.ico">
      <Filter>Resource Files</Filter>
    </Image>
    <Image Include="res\G163.ico">
      <Filter>Resource Files</Filter>
    </Image>
    <Image Include="res\G165.ico">
      <Filter>Resource Files</Filter>
    </Image>
    <Image Include="res\G167.ico">
      <Filter>Resource Files</Filter>
    </Image>
    <Image Include="res\G168.ico">
      <Filter>Resource Files</Filter>
    </Image>
    <Image Include="res\G170.ico">
      <Filter>Resource Files</Filter>
    </Image>
    <Image Include="res\G172.ico">
      <Filter>Resource Files</Filter>
    </Image>
    <Image Include="res\G174.ico">
      <Filter>Resource Files</Filter>
    </Image>
    <Image Include="res\G176.ico">
      <Filter>Resource Files</Filter>
    </Image>
    <Image Include="res\G177.ico">
      <Filter>Resource Files</Filter>
    </Image>
    <Image Include="res\G179.ico">
      <Filter>Resource Files</Filter>
    </Image>
    <Image Include="res\G181.ico">
      <Filter>Resource Files</Filter>
    </Image>
    <Image Include="res\G183.ico">
      <Filter>Resource Files</Filter>
    </Image>
    <Image Include="res\G185.ico">
      <Filter>Resource Files</Filter>
    </Image>
    <Image Include="res\G186.ico">
      <Filter>Resource Files</Filter>
    </Image>
    <Image Include="res\G188.ico">
      <Filter>Resource Files</Filter>
    </Image>
    <Image Include="res\G190.ico">
      <Filter>Resource Files</Filter>
    </Image>
    <Image Include="res\G192.ico">
      <Filter>Resource Files</Filter>
    </Image>
    <Image Include="res\G194.ico">
      <Filter>Resource Files</Filter>
    </Image>
    <Image Include="res\G195.ico">
      <Filter>Resource Files</Filter>
    </Image>
    <Image Include="res\G197.ico">
      <Filter>Resource Files</Filter>
    </Image>
    <Image Include="res\G199.ico">
      <Filter>Resource Files</Filter>
    </Image>
    <Image Include="res\G201.ico">
      <Filter>Resource Files</Filter>
    </Image>
    <Image Include="res\G203.ico">
      <Filter>Resource Files</Filter>
    </Image>
    <Image Include="res\G204.ico">
      <Filter>Resource Files</Filter>
    </Image>
    <Image Include="res\G206.ico">
      <Filter>Resource Files</Filter>
    </Image>
    <Image Include="res\G208.ico">
      <Filter>Resource Files</Filter>
    </Image>
    <Image Include="res\G210.ico">
      <Filter>Resource Files</Filter>
    </Image>
    <Image Include="res\R100.ico">
      <Filter>Resource Files</Filter>
    </Image>
    <Image Include="res\R102.ico">
      <Filter>Resource Files</Filter>
    </Image>
    <Image Include="res\R104.ico">
      <Filter>Resource Files</Filter>
    </Image>
    <Image Include="res\R105.ico">
      <Filter>Resource Files</Filter>
    </Image>
    <Image Include="res\R107.ico">
      <Filter>Resource Files</Filter>
    </Image>
    <Image Include="res\R109.ico">
      <Filter>Resource Files</Filter>
    </Image>
    <Image Include="res\R111.ico">
      <Filter>Resource Files</Filter>
    </Image>
    <Image Include="res\R113.ico">
      <Filter>Resource Files</Filter>
    </Image>
    <Image Include="res\R114.ico">
      <Filter>Resource Files</Filter>
    </Image>
    <Image Include="res\R116.ico">
      <Filter>Resource Files</Filter>
    </Image>
    <Image Include="res\R118.ico">
      <Filter>Resource Files</Filter>
    </Image>
    <Image Include="res\R120.ico">
      <Filter>Resource Files</Filter>
    </Image>
    <Image Include="res\R122.ico">
      <Filter>Resource Files</Filter>
    </Image>
    <Image Include="res\R123.ico">
      <Filter>Resource Files</Filter>
    </Image>
    <Image Include="res\R125.ico">
      <Filter>Resource Files</Filter>
    </Image>
    <Image Include="res\R127.ico">
      <Filter>Resource Files</Filter>
    </Image>
    <Image Include="res\R129.ico">
      <Filter>Resource Files</Filter>
    </Image>
    <Image Include="res\R131.ico">
      <Filter>Resource Files</Filter>
    </Image>
    <Image Include="res\R132.ico">
      <Filter>Resource Files</Filter>
    </Image>
    <Image Include="res\R134.ico">
      <Filter>Resource Files</Filter>
    </Image>
    <Image Include="res\R136.ico">
      <Filter>Resource Files</Filter>
    </Image>
    <Image Include="res\R138.ico">
      <Filter>Resource Files</Filter>
    </Image>
    <Image Include="res\R140.ico">
      <Filter>Resource Files</Filter>
    </Image>
    <Image Include="res\R141.ico">
      <Filter>Resource Files</Filter>
    </Image>
    <Image Include="res\R143.ico">
      <Filter>Resource Files</Filter>
    </Image>
    <Image Include="res\R145.ico">
      <Filter>Resource Files</Filter>
    </Image>
    <Image Include="res\R147.ico">
      <Filter>Resource Files</Filter>
    </Image>
    <Image Include="res\R149.ico">
      <Filter>Resource Files</Filter>
    </Image>
    <Image Include="res\R150.ico">
      <Filter>Resource Files</Filter>
    </Image>
    <Image Include="res\R152.ico">
      <Filter>Resource Files</Filter>
    </Image>
    <Image Include="res\R154.ico">
      <Filter>Resource Files</Filter>
    </Image>
    <Image Include="res\R156.ico">
      <Filter>Resource Files</Filter>
    </Image>
    <Image Include="res\R158.ico">
      <Filter>Resource Files</Filter>
    </Image>
    <Image Include="res\R159.ico">
      <Filter>Resource Files</Filter>
    </Image>
    <Image Include="res\R161.ico">
      <Filter>Resource Files</Filter>
    </Image>
    <Image Include="res\R163.ico">
      <Filter>Resource Files</Filter>
    </Image>
    <Image Include="res\R165.ico">
      <Filter>Resource Files</Filter>
    </Image>
    <Image Include="res\R167.ico">
      <Filter>Resource Files</Filter>
    </Image>
    <Image Include="res\R168.ico">
      <Filter>Resource Files</Filter>
    </Image>
    <Image Include="res\R170.ico">
      <Filter>Resource Files</Filter>
    </Image>
    <Image Include="res\R172.ico">
      <Filter>Resource Files</Filter>
    </Image>
    <Image Include="res\R174.ico">
      <Filter>Resource Files</Filter>
    </Image>
    <Image Include="res\R176.ico">
      <Filter>Resource Files</Filter>
    </Image>
    <Image Include="res\R177.ico">
      <Filter>Resource Files</Filter>
    </Image>
    <Image Include="res\R179.ico">
      <Filter>Resource Files</Filter>
    </Image>
    <Image Include="res\R181.ico">
      <Filter>Resource Files</Filter>
    </Image>
    <Image Include="res\R183.ico">
      <Filter>Resource Files</Filter>
    </Image>
    <Image Include="res\R185.ico">
      <Filter>Resource Files</Filter>
    </Image>
    <Image Include="res\R186.ico">
      <Filter>Resource Files</Filter>
    </Image>
    <Image Include="res\R188.ico">
      <Filter>Resource Files</Filter>
    </Image>
    <Image Include="res\R190.ico">
      <Filter>Resource Files</Filter>
    </Image>
    <Image Include="res\R192.ico">
      <Filter>Resource Files</Filter>
    </Image>
    <Image Include="res\R194.ico">
      <Filter>Resource Files</Filter>
    </Image>
    <Image Include="res\R195.ico">
      <Filter>Resource Files</Filter>
    </Image>
    <Image Include="res\R197.ico">
      <Filter>Resource Files</Filter>
    </Image>
    <Image Include="res\R199.ico">
      <Filter>Resource Files</Filter>
    </Image>
    <Image Include="res\R201.ico">
      <Filter>Resource Files</Filter>
    </Image>
    <Image Include="res\R203.ico">
      <Filter>Resource Files</Filter>
    </Image>
    <Image Include="res\R204.ico">
      <Filter>Resource Files</Filter>
    </Image>
    <Image Include="res\R206.ico">
      <Filter>Resource Files</Filter>
    </Image>
    <Image Include="res\R208.ico">
      <Filter>Resource Files</Filter>
    </Image>
    <Image Include="res\R210.ico">
      <Filter>Resource Files</Filter>
    </Image>
  </ItemGroup>
</Project>